<?xml version="1.0" encoding="UTF-8" standalone="yes" ?>
<CodeBlocks_project_file>
	<FileVersion major="1" minor="6" />
	<Project>
		<Option title="DataVaultClient" />
		<Option pch_mode="2" />
		<Option compiler="gcc" />
		<Build>
			<Target title="Debug">
				<Option output="bin/Debug/DataVaultClient" prefix_auto="1" extension_auto="1" />
				<Option object_output="obj/Debug/" />
				<Option type="1" />
				<Option compiler="gcc" />
				<Option parameters="localhost 21000 21001" />
				<Compiler>
					<Add option="-g" />
					<Add directory="../DataVaultAPI" />
				</Compiler>
				<Linker>
					<Add option="-lboost_system -lboost_filesystem -lpthread -lboost_thread -lboost_serialization" />
					<Add directory="../DataVaultAPI" />
				</Linker>
			</Target>
			<Target title="Release">
				<Option output="bin/Release/DataVaultClient" prefix_auto="1" extension_auto="1" />
				<Option object_output="obj/Release/" />
				<Option type="1" />
				<Option compiler="gcc" />
				<Option parameters="localhost 21000 21001" />
				<Compiler>
					<Add option="-O2" />
					<Add directory="../DataVaultAPI" />
				</Compiler>
				<Linker>
					<Add option="-s" />
					<Add option="-lboost_system -lboost_filesystem -lpthread -lboost_thread -lboost_serialization" />
					<Add directory="../DataVaultAPI" />
				</Linker>
			</Target>
		</Build>
		<Compiler>
			<Add option="-Wall" />
		</Compiler>
		<Unit filename="../DataVaultAPI/src/Event.cpp" />
		<Unit filename="../DataVaultAPI/src/Event.h" />
		<Unit filename="../DataVaultAPI/src/FileTransferManager.cpp" />
		<Unit filename="../DataVaultAPI/src/FileTransferManager.h" />
		<Unit filename="../DataVaultAPI/src/History.cpp" />
		<Unit filename="../DataVaultAPI/src/History.h" />
		<Unit filename="../DataVaultAPI/src/LoginResponse.cpp" />
		<Unit filename="../DataVaultAPI/src/LoginResponse.h" />
		<Unit filename="../DataVaultAPI/src/Md5.cpp" />
		<Unit filename="../DataVaultAPI/src/Md5.h" />
		<Unit filename="../DataVaultAPI/src/Message.cpp" />
		<Unit filename="../DataVaultAPI/src/Message.h" />
		<Unit filename="../DataVaultAPI/src/Response.cpp" />
		<Unit filename="../DataVaultAPI/src/Response.h" />
		<Unit filename="src/Client.cpp" />
		<Unit filename="src/Client.h" />
		<Unit filename="src/ClientInterface.cpp" />
		<Unit filename="src/ClientInterface.h" />
		<Unit filename="src/main.cpp" />
		<Extensions>
			<code_completion />
			<debugger />
			<envvars />
		</Extensions>
	</Project>
</CodeBlocks_project_file>
